
Microsoft Visual Studio Solution File, Format Version 12.00
# Visual Studio Version 16
VisualStudioVersion = 16.0.30804.86
MinimumVisualStudioVersion = 10.0.40219.1
Project("{FAE04EC0-301F-11D3-BF4B-00C04F79EFBC}") = "CapstoneProject", "CapstoneProject\CapstoneProject.csproj", "{847F6CAA-60B1-4824-A197-F64809A4125C}"
EndProject
Global
	GlobalSection(SolutionConfigurationPlatforms) = preSolution
		Debug|Any CPU = Debug|Any CPU
		Release|Any CPU = Release|Any CPU
	EndGlobalSection
	GlobalSection(ProjectConfigurationPlatforms) = postSolution
		{847F6CAA-60B1-4824-A197-F64809A4125C}.Debug|Any CPU.ActiveCfg = Debug|Any CPU
		{847F6CAA-60B1-4824-A197-F64809A4125C}.Debug|Any CPU.Build.0 = Debug|Any CPU
		{847F6CAA-60B1-4824-A197-F64809A4125C}.Release|Any CPU.ActiveCfg = Release|Any CPU
		{847F6CAA-60B1-4824-A197-F64809A4125C}.Release|Any CPU.Build.0 = Release|Any CPU
	EndGlobalSection
	GlobalSection(SolutionProperties) = preSolution
		HideSolutionNode = FALSE
	EndGlobalSection
	GlobalSection(ExtensibilityGlobals) = postSolution
		SolutionGuid = {779AAF4A-F694-470E-B056-A13F283D1744}
	EndGlobalSection
EndGlobal
